{
  "object": {
    "pins": [
      {
        "package": "CwlCatchException",
        "repositoryURL": "https://github.com/mattgallagher/CwlCatchException.git",
        "state": {
          "branch": null,
          "revision": "35f9e770f54ce62dd8526470f14c6e137cef3eea",
          "version": "2.1.1"
        }
      },
      {
        "package": "CwlPreconditionTesting",
        "repositoryURL": "https://github.com/mattgallagher/CwlPreconditionTesting.git",
        "state": {
          "branch": null,
          "revision": "c21f7bab5ca8eee0a9998bbd17ca1d0eb45d4688",
          "version": "2.1.0"
        }
      },
      {
        "package": "MockURLProtocol",
        "repositoryURL": "https://github.com/kamaal111/MockURLProtocol",
        "state": {
          "branch": null,
          "revision": "3071ffea2d277196be6587173b4364079fe4d8a9",
          "version": "0.1.1"
        }
      },
      {
        "package": "Nimble",
        "repositoryURL": "https://github.com/Quick/Nimble.git",
        "state": {
          "branch": null,
          "revision": "c93f16c25af5770f0d3e6af27c9634640946b068",
          "version": "9.2.1"
        }
      },
      {
        "package": "Quick",
        "repositoryURL": "https://github.com/Quick/Quick.git",
        "state": {
          "branch": null,
          "revision": "bd86ca0141e3cfb333546de5a11ede63f0c4a0e6",
          "version": "4.0.0"
        }
      },
      {
        "package": "XiphiasNet",
        "repositoryURL": "https://github.com/kamaal111/XiphiasNet.git",
        "state": {
          "branch": null,
          "revision": "b8c2bd983f6c6df1338fdebc1d5b4740119b745b",
          "version": "7.0.0"
        }
      }
    ]
  },
  "version": 1
}
